
Microsoft Visual Studio Solution File, Format Version 12.00
# Visual Studio Version 17
VisualStudioVersion = 17.1.32328.378
MinimumVisualStudioVersion = 10.0.40219.1
Project("{FAE04EC0-301F-11D3-BF4B-00C04F79EFBC}") = "SalesDataStatistics", "SalesDataStatistics\SalesDataStatistics.csproj", "{753AA778-4F28-45C2-BCAA-1F7E81120F43}"
EndProject
Global
	GlobalSection(SolutionConfigurationPlatforms) = preSolution
		Debug|Any CPU = Debug|Any CPU
		Release|Any CPU = Release|Any CPU
	EndGlobalSection
	GlobalSection(ProjectConfigurationPlatforms) = postSolution
		{753AA778-4F28-45C2-BCAA-1F7E81120F43}.Debug|Any CPU.ActiveCfg = Debug|Any CPU
		{753AA778-4F28-45C2-BCAA-1F7E81120F43}.Debug|Any CPU.Build.0 = Debug|Any CPU
		{753AA778-4F28-45C2-BCAA-1F7E81120F43}.Release|Any CPU.ActiveCfg = Release|Any CPU
		{753AA778-4F28-45C2-BCAA-1F7E81120F43}.Release|Any CPU.Build.0 = Release|Any CPU
	EndGlobalSection
	GlobalSection(SolutionProperties) = preSolution
		HideSolutionNode = FALSE
	EndGlobalSection
	GlobalSection(ExtensibilityGlobals) = postSolution
		SolutionGuid = {B3F63BCB-E397-4D59-93C5-773D55F24604}
	EndGlobalSection
EndGlobal
